<?xml version="1.0" encoding="utf-8"?>
<Project ToolsVersion="4.0" xmlns="http://schemas.microsoft.com/developer/msbuild/2003">
  <ItemGroup>
    <Filter Include="Source Files">
      <UniqueIdentifier>{4FC737F1-C7A5-4376-A066-2A32D752A2FF}</UniqueIdentifier>
      <Extensions>qml;cpp;c;cc;cxx;def;odl;idl;hpj;bat;asm;asmx</Extensions>
    </Filter>
    <Filter Include="Header Files">
      <UniqueIdentifier>{93995380-89BD-4b04-88EB-625FBE52EBFB}</UniqueIdentifier>
      <Extensions>h;hh;hpp;hxx;hm;inl;inc;xsd</Extensions>
    </Filter>
    <Filter Include="Resource Files">
      <UniqueIdentifier>{67DA6AB6-F800-4c08-8B7A-83BB121AAD01}</UniqueIdentifier>
      <Extensions>qrc;rc;ico;cur;bmp;dlg;rc2;rct;bin;rgs;gif;jpg;jpeg;jpe;resx;tiff;tif;png;wav;mfcribbon-ms</Extensions>
    </Filter>
    <Filter Include="Form Files">
      <UniqueIdentifier>{99349809-55BA-4b9d-BF79-8FDBB0286EB3}</UniqueIdentifier>
      <Extensions>ui</Extensions>
    </Filter>
    <Filter Include="Translation Files">
      <UniqueIdentifier>{639EADAA-A684-42e4-A9AD-28FC9BCB8F7C}</UniqueIdentifier>
      <Extensions>ts</Extensions>
    </Filter>
  </ItemGroup>
  <ItemGroup>
    <QtRcc Include="CalorieCalc.qrc">
      <Filter>Resource Files</Filter>
    </QtRcc>
    <QtUic Include="CalorieCalc.ui">
      <Filter>Form Files</Filter>
    </QtUic>
  </ItemGroup>
  <ItemGroup>
    <ClCompile Include="main.cpp">
      <Filter>Source Files</Filter>
    </ClCompile>
    <ClCompile Include="models\ActivityRecord.cpp">
      <Filter>Source Files</Filter>
    </ClCompile>
    <ClCompile Include="models\Meal.cpp">
      <Filter>Source Files</Filter>
    </ClCompile>
    <ClCompile Include="models\Portion.cpp">
      <Filter>Source Files</Filter>
    </ClCompile>
    <ClCompile Include="models\Product.cpp">
      <Filter>Source Files</Filter>
    </ClCompile>
    <ClCompile Include="models\UserProfile.cpp">
      <Filter>Source Files</Filter>
    </ClCompile>
    <ClCompile Include="services\CalorieMath.cpp">
      <Filter>Source Files</Filter>
    </ClCompile>
    <ClCompile Include="services\GoalManager.cpp">
      <Filter>Source Files</Filter>
    </ClCompile>
    <ClCompile Include="services\NotificationManager.cpp">
      <Filter>Source Files</Filter>
    </ClCompile>
    <ClCompile Include="services\NutritionDiary.cpp">
      <Filter>Source Files</Filter>
    </ClCompile>
    <ClCompile Include="services\ProductCatalog.cpp">
      <Filter>Source Files</Filter>
    </ClCompile>
    <ClCompile Include="services\ProgressAnalyzer.cpp">
      <Filter>Source Files</Filter>
    </ClCompile>
    <ClCompile Include="services\StorageManager.cpp">
      <Filter>Source Files</Filter>
    </ClCompile>
    <ClCompile Include="ui\DashboardWidget.cpp">
      <Filter>Source Files</Filter>
    </ClCompile>
    <ClCompile Include="ui\MainWindow.cpp">
      <Filter>Source Files</Filter>
    </ClCompile>
    <ClCompile Include="ui\ProductDialog.cpp">
      <Filter>Source Files</Filter>
    </ClCompile>
  </ItemGroup>
  <ItemGroup>
    <ClInclude Include="models\ActivityRecord.h">
      <Filter>Header Files</Filter>
    </ClInclude>
    <ClInclude Include="models\Entity.h">
      <Filter>Header Files</Filter>
    </ClInclude>
    <ClInclude Include="models\Meal.h">
      <Filter>Header Files</Filter>
    </ClInclude>
    <ClInclude Include="models\Portion.h">
      <Filter>Header Files</Filter>
    </ClInclude>
    <ClInclude Include="models\Product.h">
      <Filter>Header Files</Filter>
    </ClInclude>
    <ClInclude Include="models\UserProfile.h">
      <Filter>Header Files</Filter>
    </ClInclude>
    <ClInclude Include="services\CalorieMath.h">
      <Filter>Header Files</Filter>
    </ClInclude>
    <ClInclude Include="services\GoalManager.h">
      <Filter>Header Files</Filter>
    </ClInclude>
    <ClInclude Include="services\NotificationManager.h">
      <Filter>Header Files</Filter>
    </ClInclude>
    <ClInclude Include="services\NutritionDiary.h">
      <Filter>Header Files</Filter>
    </ClInclude>
    <ClInclude Include="services\ProductCatalog.h">
      <Filter>Header Files</Filter>
    </ClInclude>
    <ClInclude Include="services\ProgressAnalyzer.h">
      <Filter>Header Files</Filter>
    </ClInclude>
    <ClInclude Include="services\StorageManager.h">
      <Filter>Header Files</Filter>
    </ClInclude>
    <ClInclude Include="ui\DashboardWidget.h">
      <Filter>Header Files</Filter>
    </ClInclude>
    <ClInclude Include="ui\ProductDialog.h">
      <Filter>Header Files</Filter>
    </ClInclude>
  </ItemGroup>
  <ItemGroup>
    <QtMoc Include="ui\MainWindow.h">
      <Filter>Header Files</Filter>
    </QtMoc>
  </ItemGroup>
</Project>